{
  "name": "animal-crusade",
  "version": "1.0.0",
  "lockfileVersion": 2,
  "requires": true,
  "packages": {
    "": {
      "name": "animal-crusade",
      "version": "1.0.0",
      "license": "ISC",
      "dependencies": {
        "grid-engine": "^2.20.0"
      }
    },
    "node_modules/eventemitter3": {
      "version": "4.0.7",
      "resolved": "https://registry.npmjs.org/eventemitter3/-/eventemitter3-4.0.7.tgz",
      "integrity": "sha512-8guHBZCwKnFhYdHr2ysuRWErTwhoN2X8XELRlrRwpmfeY2jjuUN4taQMsULKUVo1K4DvZl+0pgfyoysHxvmvEw==",
      "peer": true
    },
    "node_modules/grid-engine": {
      "version": "2.20.0",
      "resolved": "https://registry.npmjs.org/grid-engine/-/grid-engine-2.20.0.tgz",
      "integrity": "sha512-RabQbbMgPU+bmlfGiGP7Vvsu4rFe5ePFANDn/QZ3qx/i6S5T6oZYZ2MC4Hm0acmum0oOknYqD8r0KaR5OD6Pcw==",
      "dependencies": {
        "rxjs": "^7.5.5"
      },
      "peerDependencies": {
        "phaser": "~3.55.2"
      }
    },
    "node_modules/inherits": {
      "version": "2.0.3",
      "resolved": "https://registry.npmjs.org/inherits/-/inherits-2.0.3.tgz",
      "integrity": "sha512-x00IRNXNy63jwGkJmzPigoySHbaqpNuzKbBOmzK+g2OdZpQ9w+sxCN+VSB3ja7IAge2OP2qpfxTjeNcyjmW1uw==",
      "peer": true
    },
    "node_modules/path": {
      "version": "0.12.7",
      "resolved": "https://registry.npmjs.org/path/-/path-0.12.7.tgz",
      "integrity": "sha512-aXXC6s+1w7otVF9UletFkFcDsJeO7lSZBPUQhtb5O0xJe8LtYhj/GxldoL09bBj9+ZmE2hNoHqQSFMN5fikh4Q==",
      "peer": true,
      "dependencies": {
        "process": "^0.11.1",
        "util": "^0.10.3"
      }
    },
    "node_modules/phaser": {
      "version": "3.55.2",
      "resolved": "https://registry.npmjs.org/phaser/-/phaser-3.55.2.tgz",
      "integrity": "sha512-amKXsbb2Ht29dGPKvt1edq3yGGYKtq8373GpJYGKPNPnneYY6MtVTOgjHDuZwtmUyK4v86FugkT3hzW/N4tjxQ==",
      "peer": true,
      "dependencies": {
        "eventemitter3": "^4.0.7",
        "path": "^0.12.7"
      }
    },
    "node_modules/process": {
      "version": "0.11.10",
      "resolved": "https://registry.npmjs.org/process/-/process-0.11.10.tgz",
      "integrity": "sha512-cdGef/drWFoydD1JsMzuFf8100nZl+GT+yacc2bEced5f9Rjk4z+WtFUTBu9PhOi9j/jfmBPu0mMEY4wIdAF8A==",
      "peer": true,
      "engines": {
        "node": ">= 0.6.0"
      }
    },
    "node_modules/rxjs": {
      "version": "7.5.6",
      "resolved": "https://registry.npmjs.org/rxjs/-/rxjs-7.5.6.tgz",
      "integrity": "sha512-dnyv2/YsXhnm461G+R/Pe5bWP41Nm6LBXEYWI6eiFP4fiwx6WRI/CD0zbdVAudd9xwLEF2IDcKXLHit0FYjUzw==",
      "dependencies": {
        "tslib": "^2.1.0"
      }
    },
    "node_modules/tslib": {
      "version": "2.4.0",
      "resolved": "https://registry.npmjs.org/tslib/-/tslib-2.4.0.tgz",
      "integrity": "sha512-d6xOpEDfsi2CZVlPQzGeux8XMwLT9hssAsaPYExaQMuYskwb+x1x7J371tWlbBdWHroy99KnVB6qIkUbs5X3UQ=="
    },
    "node_modules/util": {
      "version": "0.10.4",
      "resolved": "https://registry.npmjs.org/util/-/util-0.10.4.tgz",
      "integrity": "sha512-0Pm9hTQ3se5ll1XihRic3FDIku70C+iHUdT/W926rSgHV5QgXsYbKZN8MSC3tJtSkhuROzvsQjAaFENRXr+19A==",
      "peer": true,
      "dependencies": {
        "inherits": "2.0.3"
      }
    }
  },
  "dependencies": {
    "eventemitter3": {
      "version": "4.0.7",
      "resolved": "https://registry.npmjs.org/eventemitter3/-/eventemitter3-4.0.7.tgz",
      "integrity": "sha512-8guHBZCwKnFhYdHr2ysuRWErTwhoN2X8XELRlrRwpmfeY2jjuUN4taQMsULKUVo1K4DvZl+0pgfyoysHxvmvEw==",
      "peer": true
    },
    "grid-engine": {
      "version": "2.20.0",
      "resolved": "https://registry.npmjs.org/grid-engine/-/grid-engine-2.20.0.tgz",
      "integrity": "sha512-RabQbbMgPU+bmlfGiGP7Vvsu4rFe5ePFANDn/QZ3qx/i6S5T6oZYZ2MC4Hm0acmum0oOknYqD8r0KaR5OD6Pcw==",
      "requires": {
        "rxjs": "^7.5.5"
      }
    },
    "inherits": {
      "version": "2.0.3",
      "resolved": "https://registry.npmjs.org/inherits/-/inherits-2.0.3.tgz",
      "integrity": "sha512-x00IRNXNy63jwGkJmzPigoySHbaqpNuzKbBOmzK+g2OdZpQ9w+sxCN+VSB3ja7IAge2OP2qpfxTjeNcyjmW1uw==",
      "peer": true
    },
    "path": {
      "version": "0.12.7",
      "resolved": "https://registry.npmjs.org/path/-/path-0.12.7.tgz",
      "integrity": "sha512-aXXC6s+1w7otVF9UletFkFcDsJeO7lSZBPUQhtb5O0xJe8LtYhj/GxldoL09bBj9+ZmE2hNoHqQSFMN5fikh4Q==",
      "peer": true,
      "requires": {
        "process": "^0.11.1",
        "util": "^0.10.3"
      }
    },
    "phaser": {
      "version": "3.55.2",
      "resolved": "https://registry.npmjs.org/phaser/-/phaser-3.55.2.tgz",
      "integrity": "sha512-amKXsbb2Ht29dGPKvt1edq3yGGYKtq8373GpJYGKPNPnneYY6MtVTOgjHDuZwtmUyK4v86FugkT3hzW/N4tjxQ==",
      "peer": true,
      "requires": {
        "eventemitter3": "^4.0.7",
        "path": "^0.12.7"
      }
    },
    "process": {
      "version": "0.11.10",
      "resolved": "https://registry.npmjs.org/process/-/process-0.11.10.tgz",
      "integrity": "sha512-cdGef/drWFoydD1JsMzuFf8100nZl+GT+yacc2bEced5f9Rjk4z+WtFUTBu9PhOi9j/jfmBPu0mMEY4wIdAF8A==",
      "peer": true
    },
    "rxjs": {
      "version": "7.5.6",
      "resolved": "https://registry.npmjs.org/rxjs/-/rxjs-7.5.6.tgz",
      "integrity": "sha512-dnyv2/YsXhnm461G+R/Pe5bWP41Nm6LBXEYWI6eiFP4fiwx6WRI/CD0zbdVAudd9xwLEF2IDcKXLHit0FYjUzw==",
      "requires": {
        "tslib": "^2.1.0"
      }
    },
    "tslib": {
      "version": "2.4.0",
      "resolved": "https://registry.npmjs.org/tslib/-/tslib-2.4.0.tgz",
      "integrity": "sha512-d6xOpEDfsi2CZVlPQzGeux8XMwLT9hssAsaPYExaQMuYskwb+x1x7J371tWlbBdWHroy99KnVB6qIkUbs5X3UQ=="
    },
    "util": {
      "version": "0.10.4",
      "resolved": "https://registry.npmjs.org/util/-/util-0.10.4.tgz",
      "integrity": "sha512-0Pm9hTQ3se5ll1XihRic3FDIku70C+iHUdT/W926rSgHV5QgXsYbKZN8MSC3tJtSkhuROzvsQjAaFENRXr+19A==",
      "peer": true,
      "requires": {
        "inherits": "2.0.3"
      }
    }
  }
}
